
Microsoft Visual Studio Solution File, Format Version 12.00
# Visual Studio 2013
VisualStudioVersion = 12.0.40629.0
MinimumVisualStudioVersion = 10.0.40219.1
Project("{FAE04EC0-301F-11D3-BF4B-00C04F79EFBC}") = "SmartCat.Web", "SmartCat.Web\SmartCat.Web.csproj", "{4CAB1D96-8710-4B61-91BA-40801C8B5B6B}"
EndProject
Global
	GlobalSection(SolutionConfigurationPlatforms) = preSolution
		Debug|Any CPU = Debug|Any CPU
		Release|Any CPU = Release|Any CPU
	EndGlobalSection
	GlobalSection(ProjectConfigurationPlatforms) = postSolution
		{4CAB1D96-8710-4B61-91BA-40801C8B5B6B}.Debug|Any CPU.ActiveCfg = Debug|Any CPU
		{4CAB1D96-8710-4B61-91BA-40801C8B5B6B}.Debug|Any CPU.Build.0 = Debug|Any CPU
		{4CAB1D96-8710-4B61-91BA-40801C8B5B6B}.Release|Any CPU.ActiveCfg = Release|Any CPU
		{4CAB1D96-8710-4B61-91BA-40801C8B5B6B}.Release|Any CPU.Build.0 = Release|Any CPU
	EndGlobalSection
	GlobalSection(SolutionProperties) = preSolution
		HideSolutionNode = FALSE
	EndGlobalSection
EndGlobal
